
Microsoft Visual Studio Solution File, Format Version 12.00
# Visual Studio 15
Project("{FAE04EC0-301F-11D3-BF4B-00C04F79EFBC}") = "Assembly-CSharp", "Assembly-CSharp.csproj", "{485F1183-5540-20B0-E185-08E9E734D024}"
EndProject
Global
	GlobalSection(SolutionConfigurationPlatforms) = preSolution
		Debug|Any CPU = Debug|Any CPU
		Release|Any CPU = Release|Any CPU
	EndGlobalSection
	GlobalSection(ProjectConfigurationPlatforms) = postSolution
		{485F1183-5540-20B0-E185-08E9E734D024}.Debug|Any CPU.ActiveCfg = Debug|Any CPU
		{485F1183-5540-20B0-E185-08E9E734D024}.Debug|Any CPU.Build.0 = Debug|Any CPU
		{485F1183-5540-20B0-E185-08E9E734D024}.Release|Any CPU.ActiveCfg = Release|Any CPU
		{485F1183-5540-20B0-E185-08E9E734D024}.Release|Any CPU.Build.0 = Release|Any CPU
	EndGlobalSection
	GlobalSection(SolutionProperties) = preSolution
		HideSolutionNode = FALSE
	EndGlobalSection
EndGlobal
